// !$*UTF8*$!
{
	archiveVersion = 1;
	classes = {
	};
	objectVersion = 46;
	objects = {

/* Begin PBXBuildFile section */
		50252F3A1A5EE5E9003DEFCA /* main.m in Sources */ = {isa = PBXBuildFile; fileRef = 50252F391A5EE5E9003DEFCA /* main.m */; };
		50252F3D1A5EE5E9003DEFCA /* AppDelegate.m in Sources */ = {isa = PBXBuildFile; fileRef = 50252F3C1A5EE5E9003DEFCA /* AppDelegate.m */; };
		50252F401A5EE5E9003DEFCA /* RootViewController.m in Sources */ = {isa = PBXBuildFile; fileRef = 50252F3F1A5EE5E9003DEFCA /* RootViewController.m */; };
		50252F431A5EE5E9003DEFCA /* Main.storyboard in Resources */ = {isa = PBXBuildFile; fileRef = 50252F411A5EE5E9003DEFCA /* Main.storyboard */; };
		50252F451A5EE5E9003DEFCA /* Images.xcassets in Resources */ = {isa = PBXBuildFile; fileRef = 50252F441A5EE5E9003DEFCA /* Images.xcassets */; };
		50252F481A5EE5E9003DEFCA /* LaunchScreen.xib in Resources */ = {isa = PBXBuildFile; fileRef = 50252F461A5EE5E9003DEFCA /* LaunchScreen.xib */; };
		50252F541A5EE5E9003DEFCA /* MinorityReportTests.m in Sources */ = {isa = PBXBuildFile; fileRef = 50252F531A5EE5E9003DEFCA /* MinorityReportTests.m */; };
/* End PBXBuildFile section */

/* Begin PBXContainerItemProxy section */
		50252F4E1A5EE5E9003DEFCA /* PBXContainerItemProxy */ = {
			isa = PBXContainerItemProxy;
			containerPortal = 50252F2C1A5EE5E9003DEFCA /* Project object */;
			proxyType = 1;
			remoteGlobalIDString = 50252F331A5EE5E9003DEFCA;
			remoteInfo = MinorityReport;
		};
/* End PBXContainerItemProxy section */

/* Begin PBXFileReference section */
		50252F341A5EE5E9003DEFCA /* MinorityReport.app */ = {isa = PBXFileReference; explicitFileType = wrapper.application; includeInIndex = 0; path = MinorityReport.app; sourceTree = BUILT_PRODUCTS_DIR; };
		50252F381A5EE5E9003DEFCA /* Info.plist */ = {isa = PBXFileReference; lastKnownFileType = text.plist.xml; path = Info.plist; sourceTree = "<group>"; };
		50252F391A5EE5E9003DEFCA /* main.m */ = {isa = PBXFileReference; lastKnownFileType = sourcecode.c.objc; path = main.m; sourceTree = "<group>"; };
		50252F3B1A5EE5E9003DEFCA /* AppDelegate.h */ = {isa = PBXFileReference; lastKnownFileType = sourcecode.c.h; path = AppDelegate.h; sourceTree = "<group>"; };
		50252F3C1A5EE5E9003DEFCA /* AppDelegate.m */ = {isa = PBXFileReference; lastKnownFileType = sourcecode.c.objc; path = AppDelegate.m; sourceTree = "<group>"; };
		50252F3E1A5EE5E9003DEFCA /* RootViewController.h */ = {isa = PBXFileReference; lastKnownFileType = sourcecode.c.h; path = RootViewController.h; sourceTree = "<group>"; };
		50252F3F1A5EE5E9003DEFCA /* RootViewController.m */ = {isa = PBXFileReference; lastKnownFileType = sourcecode.c.objc; path = RootViewController.m; sourceTree = "<group>"; };
		50252F421A5EE5E9003DEFCA /* Base */ = {isa = PBXFileReference; lastKnownFileType = file.storyboard; name = Base; path = Base.lproj/Main.storyboard; sourceTree = "<group>"; };
		50252F441A5EE5E9003DEFCA /* Images.xcassets */ = {isa = PBXFileReference; lastKnownFileType = folder.assetcatalog; path = Images.xcassets; sourceTree = "<group>"; };
		50252F471A5EE5E9003DEFCA /* Base */ = {isa = PBXFileReference; lastKnownFileType = file.xib; name = Base; path = Base.lproj/LaunchScreen.xib; sourceTree = "<group>"; };
		50252F4D1A5EE5E9003DEFCA /* MinorityReportTests.xctest */ = {isa = PBXFileReference; explicitFileType = wrapper.cfbundle; includeInIndex = 0; path = MinorityReportTests.xctest; sourceTree = BUILT_PRODUCTS_DIR; };
		50252F521A5EE5E9003DEFCA /* Info.plist */ = {isa = PBXFileReference; lastKnownFileType = text.plist.xml; path = Info.plist; sourceTree = "<group>"; };
		50252F531A5EE5E9003DEFCA /* MinorityReportTests.m */ = {isa = PBXFileReference; lastKnownFileType = sourcecode.c.objc; path = MinorityReportTests.m; sourceTree = "<group>"; };
/* End PBXFileReference section */

/* Begin PBXFrameworksBuildPhase section */
		50252F311A5EE5E9003DEFCA /* Frameworks */ = {
			isa = PBXFrameworksBuildPhase;
			buildActionMask = 2147483647;
			files = (
			);
			runOnlyForDeploymentPostprocessing = 0;
		};
		50252F4A1A5EE5E9003DEFCA /* Frameworks */ = {
			isa = PBXFrameworksBuildPhase;
			buildActionMask = 2147483647;
			files = (
			);
			runOnlyForDeploymentPostprocessing = 0;
		};
/* End PBXFrameworksBuildPhase section */

/* Begin PBXGroup section */
		50252F2B1A5EE5E9003DEFCA = {
			isa = PBXGroup;
			children = (
				50252F361A5EE5E9003DEFCA /* MinorityReport */,
				50252F501A5EE5E9003DEFCA /* MinorityReportTests */,
				50252F351A5EE5E9003DEFCA /* Products */,
			);
			sourceTree = "<group>";
		};
		50252F351A5EE5E9003DEFCA /* Products */ = {
			isa = PBXGroup;
			children = (
				50252F341A5EE5E9003DEFCA /* MinorityReport.app */,
				50252F4D1A5EE5E9003DEFCA /* MinorityReportTests.xctest */,
			);
			name = Products;
			sourceTree = "<group>";
		};
		50252F361A5EE5E9003DEFCA /* MinorityReport */ = {
			isa = PBXGroup;
			children = (
				50252F3B1A5EE5E9003DEFCA /* AppDelegate.h */,
				50252F3C1A5EE5E9003DEFCA /* AppDelegate.m */,
				50252F3E1A5EE5E9003DEFCA /* RootViewController.h */,
				50252F3F1A5EE5E9003DEFCA /* RootViewController.m */,
				50252F411A5EE5E9003DEFCA /* Main.storyboard */,
				50252F441A5EE5E9003DEFCA /* Images.xcassets */,
				50252F461A5EE5E9003DEFCA /* LaunchScreen.xib */,
				50252F371A5EE5E9003DEFCA /* Supporting Files */,
			);
			path = MinorityReport;
			sourceTree = "<group>";
		};
		50252F371A5EE5E9003DEFCA /* Supporting Files */ = {
			isa = PBXGroup;
			children = (
				50252F381A5EE5E9003DEFCA /* Info.plist */,
				50252F391A5EE5E9003DEFCA /* main.m */,
			);
			name = "Supporting Files";
			sourceTree = "<group>";
		};
		50252F501A5EE5E9003DEFCA /* MinorityReportTests */ = {
			isa = PBXGroup;
			children = (
				50252F531A5EE5E9003DEFCA /* MinorityReportTests.m */,
				50252F511A5EE5E9003DEFCA /* Supporting Files */,
			);
			path = MinorityReportTests;
			sourceTree = "<group>";
		};
		50252F511A5EE5E9003DEFCA /* Supporting Files */ = {
			isa = PBXGroup;
			children = (
				50252F521A5EE5E9003DEFCA /* Info.plist */,
			);
			name = "Supporting Files";
			sourceTree = "<group>";
		};
/* End PBXGroup section */

/* Begin PBXNativeTarget section */
		50252F331A5EE5E9003DEFCA /* MinorityReport */ = {
			isa = PBXNativeTarget;
			buildConfigurationList = 50252F571A5EE5E9003DEFCA /* Build configuration list for PBXNativeTarget "MinorityReport" */;
			buildPhases = (
				50252F301A5EE5E9003DEFCA /* Sources */,
				50252F311A5EE5E9003DEFCA /* Frameworks */,
				50252F321A5EE5E9003DEFCA /* Resources */,
			);
			buildRules = (
			);
			dependencies = (
			);
			name = MinorityReport;
			productName = MinorityReport;
			productReference = 50252F341A5EE5E9003DEFCA /* MinorityReport.app */;
			productType = "com.apple.product-type.application";
		};
		50252F4C1A5EE5E9003DEFCA /* MinorityReportTests */ = {
			isa = PBXNativeTarget;
			buildConfigurationList = 50252F5A1A5EE5E9003DEFCA /* Build configuration list for PBXNativeTarget "MinorityReportTests" */;
			buildPhases = (
				50252F491A5EE5E9003DEFCA /* Sources */,
				50252F4A1A5EE5E9003DEFCA /* Frameworks */,
				50252F4B1A5EE5E9003DEFCA /* Resources */,
			);
			buildRules = (
			);
			dependencies = (
				50252F4F1A5EE5E9003DEFCA /* PBXTargetDependency */,
			);
			name = MinorityReportTests;
			productName = MinorityReportTests;
			productReference = 50252F4D1A5EE5E9003DEFCA /* MinorityReportTests.xctest */;
			productType = "com.apple.product-type.bundle.unit-test";
		};
/* End PBXNativeTarget section */

/* Begin PBXProject section */
		50252F2C1A5EE5E9003DEFCA /* Project object */ = {
			isa = PBXProject;
			attributes = {
				LastUpgradeCheck = 0610;
				ORGANIZATIONNAME = "JP Skowron";
				TargetAttributes = {
					50252F331A5EE5E9003DEFCA = {
						CreatedOnToolsVersion = 6.1.1;
					};
					50252F4C1A5EE5E9003DEFCA = {
						CreatedOnToolsVersion = 6.1.1;
						TestTargetID = 50252F331A5EE5E9003DEFCA;
					};
				};
			};
			buildConfigurationList = 50252F2F1A5EE5E9003DEFCA /* Build configuration list for PBXProject "MinorityReport" */;
			compatibilityVersion = "Xcode 3.2";
			developmentRegion = English;
			hasScannedForEncodings = 0;
			knownRegions = (
				en,
				Base,
			);
			mainGroup = 50252F2B1A5EE5E9003DEFCA;
			productRefGroup = 50252F351A5EE5E9003DEFCA /* Products */;
			projectDirPath = "";
			projectRoot = "";
			targets = (
				50252F331A5EE5E9003DEFCA /* MinorityReport */,
				50252F4C1A5EE5E9003DEFCA /* MinorityReportTests */,
			);
		};
/* End PBXProject section */

/* Begin PBXResourcesBuildPhase section */
		50252F321A5EE5E9003DEFCA /* Resources */ = {
			isa = PBXResourcesBuildPhase;
			buildActionMask = 2147483647;
			files = (
				50252F431A5EE5E9003DEFCA /* Main.storyboard in Resources */,
				50252F481A5EE5E9003DEFCA /* LaunchScreen.xib in Resources */,
				50252F451A5EE5E9003DEFCA /* Images.xcassets in Resources */,
			);
			runOnlyForDeploymentPostprocessing = 0;
		};
		50252F4B1A5EE5E9003DEFCA /* Resources */ = {
			isa = PBXResourcesBuildPhase;
			buildActionMask = 2147483647;
			files = (
			);
			runOnlyForDeploymentPostprocessing = 0;
		};
/* End PBXResourcesBuildPhase section */

/* Begin PBXSourcesBuildPhase section */
		50252F301A5EE5E9003DEFCA /* Sources */ = {
			isa = PBXSourcesBuildPhase;
			buildActionMask = 2147483647;
			files = (
				50252F401A5EE5E9003DEFCA /* RootViewController.m in Sources */,
				50252F3D1A5EE5E9003DEFCA /* AppDelegate.m in Sources */,
				50252F3A1A5EE5E9003DEFCA /* main.m in Sources */,
			);
			runOnlyForDeploymentPostprocessing = 0;
		};
		50252F491A5EE5E9003DEFCA /* Sources */ = {
			isa = PBXSourcesBuildPhase;
			buildActionMask = 2147483647;
			files = (
				50252F541A5EE5E9003DEFCA /* MinorityReportTests.m in Sources */,
			);
			runOnlyForDeploymentPostprocessing = 0;
		};
/* End PBXSourcesBuildPhase section */

/* Begin PBXTargetDependency section */
		50252F4F1A5EE5E9003DEFCA /* PBXTargetDependency */ = {
			isa = PBXTargetDependency;
			target = 50252F331A5EE5E9003DEFCA /* MinorityReport */;
			targetProxy = 50252F4E1A5EE5E9003DEFCA /* PBXContainerItemProxy */;
		};
/* End PBXTargetDependency section */

/* Begin PBXVariantGroup section */
		50252F411A5EE5E9003DEFCA /* Main.storyboard */ = {
			isa = PBXVariantGroup;
			children = (
				50252F421A5EE5E9003DEFCA /* Base */,
			);
			name = Main.storyboard;
			sourceTree = "<group>";
		};
		50252F461A5EE5E9003DEFCA /* LaunchScreen.xib */ = {
			isa = PBXVariantGroup;
			children = (
				50252F471A5EE5E9003DEFCA /* Base */,
			);
			name = LaunchScreen.xib;
			sourceTree = "<group>";
		};
/* End PBXVariantGroup section */

/* Begin XCBuildConfiguration section */
		50252F551A5EE5E9003DEFCA /* Debug */ = {
			isa = XCBuildConfiguration;
			buildSettings = {
				ALWAYS_SEARCH_USER_PATHS = NO;
				CLANG_CXX_LANGUAGE_STANDARD = "gnu++0x";
				CLANG_CXX_LIBRARY = "libc++";
				CLANG_ENABLE_MODULES = YES;
				CLANG_ENABLE_OBJC_ARC = YES;
				CLANG_WARN_BOOL_CONVERSION = YES;
				CLANG_WARN_CONSTANT_CONVERSION = YES;
				CLANG_WARN_DIRECT_OBJC_ISA_USAGE = YES_ERROR;
				CLANG_WARN_EMPTY_BODY = YES;
				CLANG_WARN_ENUM_CONVERSION = YES;
				CLANG_WARN_INT_CONVERSION = YES;
				CLANG_WARN_OBJC_ROOT_CLASS = YES_ERROR;
				CLANG_WARN_UNREACHABLE_CODE = YES;
				CLANG_WARN__DUPLICATE_METHOD_MATCH = YES;
				"CODE_SIGN_IDENTITY[sdk=iphoneos*]" = "iPhone Developer";
				COPY_PHASE_STRIP = NO;
				ENABLE_STRICT_OBJC_MSGSEND = YES;
				GCC_C_LANGUAGE_STANDARD = gnu99;
				GCC_DYNAMIC_NO_PIC = NO;
				GCC_OPTIMIZATION_LEVEL = 0;
				GCC_PREPROCESSOR_DEFINITIONS = (
					"DEBUG=1",
					"$(inherited)",
				);
				GCC_SYMBOLS_PRIVATE_EXTERN = NO;
				GCC_WARN_64_TO_32_BIT_CONVERSION = YES;
				GCC_WARN_ABOUT_RETURN_TYPE = YES_ERROR;
				GCC_WARN_UNDECLARED_SELECTOR = YES;
				GCC_WARN_UNINITIALIZED_AUTOS = YES_AGGRESSIVE;
				GCC_WARN_UNUSED_FUNCTION = YES;
				GCC_WARN_UNUSED_VARIABLE = YES;
				IPHONEOS_DEPLOYMENT_TARGET = 8.1;
				MTL_ENABLE_DEBUG_INFO = YES;
				ONLY_ACTIVE_ARCH = YES;
				SDKROOT = iphoneos;
			};
			name = Debug;
		};
		50252F561A5EE5E9003DEFCA /* Release */ = {
			isa = XCBuildConfiguration;
			buildSettings = {
				ALWAYS_SEARCH_USER_PATHS = NO;
				CLANG_CXX_LANGUAGE_STANDARD = "gnu++0x";
				CLANG_CXX_LIBRARY = "libc++";
				CLANG_ENABLE_MODULES = YES;
				CLANG_ENABLE_OBJC_ARC = YES;
				CLANG_WARN_BOOL_CONVERSION = YES;
				CLANG_WARN_CONSTANT_CONVERSION = YES;
				CLANG_WARN_DIRECT_OBJC_ISA_USAGE = YES_ERROR;
				CLANG_WARN_EMPTY_BODY = YES;
				CLANG_WARN_ENUM_CONVERSION = YES;
				CLANG_WARN_INT_CONVERSION = YES;
				CLANG_WARN_OBJC_ROOT_CLASS = YES_ERROR;
				CLANG_WARN_UNREACHABLE_CODE = YES;
				CLANG_WARN__DUPLICATE_METHOD_MATCH = YES;
				"CODE_SIGN_IDENTITY[sdk=iphoneos*]" = "iPhone Developer";
				COPY_PHASE_STRIP = YES;
				ENABLE_NS_ASSERTIONS = NO;
				ENABLE_STRICT_OBJC_MSGSEND = YES;
				GCC_C_LANGUAGE_STANDARD = gnu99;
				GCC_WARN_64_TO_32_BIT_CONVERSION = YES;
				GCC_WARN_ABOUT_RETURN_TYPE = YES_ERROR;
				GCC_WARN_UNDECLARED_SELECTOR = YES;
				GCC_WARN_UNINITIALIZED_AUTOS = YES_AGGRESSIVE;
				GCC_WARN_UNUSED_FUNCTION = YES;
				GCC_WARN_UNUSED_VARIABLE = YES;
				IPHONEOS_DEPLOYMENT_TARGET = 8.1;
				MTL_ENABLE_DEBUG_INFO = NO;
				SDKROOT = iphoneos;
				VALIDATE_PRODUCT = YES;
			};
			name = Release;
		};
		50252F581A5EE5E9003DEFCA /* Debug */ = {
			isa = XCBuildConfiguration;
			buildSettings = {
				ASSETCATALOG_COMPILER_APPICON_NAME = AppIcon;
				INFOPLIST_FILE = MinorityReport/Info.plist;
				LD_RUNPATH_SEARCH_PATHS = "$(inherited) @executable_path/Frameworks";
				PRODUCT_NAME = "$(TARGET_NAME)";
			};
			name = Debug;
		};
		50252F591A5EE5E9003DEFCA /* Release */ = {
			isa = XCBuildConfiguration;
			buildSettings = {
				ASSETCATALOG_COMPILER_APPICON_NAME = AppIcon;
				INFOPLIST_FILE = MinorityReport/Info.plist;
				LD_RUNPATH_SEARCH_PATHS = "$(inherited) @executable_path/Frameworks";
				PRODUCT_NAME = "$(TARGET_NAME)";
			};
			name = Release;
		};
		50252F5B1A5EE5E9003DEFCA /* Debug */ = {
			isa = XCBuildConfiguration;
			buildSettings = {
				BUNDLE_LOADER = "$(TEST_HOST)";
				FRAMEWORK_SEARCH_PATHS = (
					"$(SDKROOT)/Developer/Library/Frameworks",
					"$(inherited)",
				);
				GCC_PREPROCESSOR_DEFINITIONS = (
					"DEBUG=1",
					"$(inherited)",
				);
				INFOPLIST_FILE = MinorityReportTests/Info.plist;
				LD_RUNPATH_SEARCH_PATHS = "$(inherited) @executable_path/Frameworks @loader_path/Frameworks";
				PRODUCT_NAME = "$(TARGET_NAME)";
				TEST_HOST = "$(BUILT_PRODUCTS_DIR)/MinorityReport.app/MinorityReport";
			};
			name = Debug;
		};
		50252F5C1A5EE5E9003DEFCA /* Release */ = {
			isa = XCBuildConfiguration;
			buildSettings = {
				BUNDLE_LOADER = "$(TEST_HOST)";
				FRAMEWORK_SEARCH_PATHS = (
					"$(SDKROOT)/Developer/Library/Frameworks",
					"$(inherited)",
				);
				INFOPLIST_FILE = MinorityReportTests/Info.plist;
				LD_RUNPATH_SEARCH_PATHS = "$(inherited) @executable_path/Frameworks @loader_path/Frameworks";
				PRODUCT_NAME = "$(TARGET_NAME)";
				TEST_HOST = "$(BUILT_PRODUCTS_DIR)/MinorityReport.app/MinorityReport";
			};
			name = Release;
		};
/* End XCBuildConfiguration section */

/* Begin XCConfigurationList section */
		50252F2F1A5EE5E9003DEFCA /* Build configuration list for PBXProject "MinorityReport" */ = {
			isa = XCConfigurationList;
			buildConfigurations = (
				50252F551A5EE5E9003DEFCA /* Debug */,
				50252F561A5EE5E9003DEFCA /* Release */,
			);
			defaultConfigurationIsVisible = 0;
			defaultConfigurationName = Release;
		};
		50252F571A5EE5E9003DEFCA /* Build configuration list for PBXNativeTarget "MinorityReport" */ = {
			isa = XCConfigurationList;
			buildConfigurations = (
				50252F581A5EE5E9003DEFCA /* Debug */,
				50252F591A5EE5E9003DEFCA /* Release */,
			);
			defaultConfigurationIsVisible = 0;
		};
		50252F5A1A5EE5E9003DEFCA /* Build configuration list for PBXNativeTarget "MinorityReportTests" */ = {
			isa = XCConfigurationList;
			buildConfigurations = (
				50252F5B1A5EE5E9003DEFCA /* Debug */,
				50252F5C1A5EE5E9003DEFCA /* Release */,
			);
			defaultConfigurationIsVisible = 0;
		};
/* End XCConfigurationList section */
	};
	rootObject = 50252F2C1A5EE5E9003DEFCA /* Project object */;
}
